
Microsoft Visual Studio Solution File, Format Version 12.00
# Visual Studio Version 17
VisualStudioVersion = 17.1.32210.238
MinimumVisualStudioVersion = 10.0.40219.1
Project("{FAE04EC0-301F-11D3-BF4B-00C04F79EFBC}") = "BulkyBookWeb", "BulkyBookWeb\BulkyBookWeb.csproj", "{D0AEDD66-BEE7-414A-9F6E-3811BBD3A06B}"
EndProject
Global
	GlobalSection(SolutionConfigurationPlatforms) = preSolution
		Debug|Any CPU = Debug|Any CPU
		Release|Any CPU = Release|Any CPU
	EndGlobalSection
	GlobalSection(ProjectConfigurationPlatforms) = postSolution
		{D0AEDD66-BEE7-414A-9F6E-3811BBD3A06B}.Debug|Any CPU.ActiveCfg = Debug|Any CPU
		{D0AEDD66-BEE7-414A-9F6E-3811BBD3A06B}.Debug|Any CPU.Build.0 = Debug|Any CPU
		{D0AEDD66-BEE7-414A-9F6E-3811BBD3A06B}.Release|Any CPU.ActiveCfg = Release|Any CPU
		{D0AEDD66-BEE7-414A-9F6E-3811BBD3A06B}.Release|Any CPU.Build.0 = Release|Any CPU
	EndGlobalSection
	GlobalSection(SolutionProperties) = preSolution
		HideSolutionNode = FALSE
	EndGlobalSection
	GlobalSection(ExtensibilityGlobals) = postSolution
		SolutionGuid = {A86F2C46-2FEF-4A29-9DA5-31B673848ACE}
	EndGlobalSection
EndGlobal
